
Microsoft Visual Studio Solution File, Format Version 12.00
# Visual Studio Version 16
VisualStudioVersion = 16.0.30517.126
MinimumVisualStudioVersion = 10.0.40219.1
Project("{FAE04EC0-301F-11D3-BF4B-00C04F79EFBC}") = "WPF", "WPF\WPF.csproj", "{4D7CE259-20F0-4BC2-B698-41F813236504}"
EndProject
Global
	GlobalSection(SolutionConfigurationPlatforms) = preSolution
		Debug|Any CPU = Debug|Any CPU
		Release|Any CPU = Release|Any CPU
	EndGlobalSection
	GlobalSection(ProjectConfigurationPlatforms) = postSolution
		{4D7CE259-20F0-4BC2-B698-41F813236504}.Debug|Any CPU.ActiveCfg = Debug|Any CPU
		{4D7CE259-20F0-4BC2-B698-41F813236504}.Debug|Any CPU.Build.0 = Debug|Any CPU
		{4D7CE259-20F0-4BC2-B698-41F813236504}.Release|Any CPU.ActiveCfg = Release|Any CPU
		{4D7CE259-20F0-4BC2-B698-41F813236504}.Release|Any CPU.Build.0 = Release|Any CPU
	EndGlobalSection
	GlobalSection(SolutionProperties) = preSolution
		HideSolutionNode = FALSE
	EndGlobalSection
	GlobalSection(ExtensibilityGlobals) = postSolution
		SolutionGuid = {00B41CA9-F59E-46AB-9D01-ADBA07CBBC7E}
	EndGlobalSection
EndGlobal
